{
  "name": "redact-secret-vault-python-wheel-smoke",
  "lockfileVersion": 3,
  "requires": true,
  "packages": {
    "": {
      "name": "redact-secret-vault-python-wheel-smoke",
      "dependencies": {
        "@redact-secret/core": "0.1.0-beta.11"
      }
    },
    "node_modules/@redact-secret/core": {
      "version": "0.1.0-beta.11",
      "resolved": "https://registry.npmjs.org/@redact-secret/core/-/core-0.1.0-beta.11.tgz",
      "integrity": "sha512-CDJw3x121Dn4Ggyg4eRWq1hWTsauEe7ZBsb0h1uEDvjJBl5MwRBv+2i0EZE2Twt/m2WvsqKWzX1aSay/d7HYlQ==",
      "license": "MIT",
      "dependencies": {
        "@redact-secret/wasm": "0.1.0-beta.11"
      },
      "engines": {
        "node": "20.x || 22.x || 24.x"
      },
      "optionalDependencies": {
        "@redact-secret/node-darwin-arm64": "0.1.0-beta.11",
        "@redact-secret/node-darwin-x64": "0.1.0-beta.11",
        "@redact-secret/node-linux-arm64-gnu": "0.1.0-beta.11",
        "@redact-secret/node-linux-arm64-musl": "0.1.0-beta.11",
        "@redact-secret/node-linux-x64-gnu": "0.1.0-beta.11",
        "@redact-secret/node-linux-x64-musl": "0.1.0-beta.11",
        "@redact-secret/node-win32-arm64-msvc": "0.1.0-beta.11",
        "@redact-secret/node-win32-x64-msvc": "0.1.0-beta.11"
      }
    },
    "node_modules/@redact-secret/node-darwin-arm64": {
      "version": "0.1.0-beta.11",
      "resolved": "https://registry.npmjs.org/@redact-secret/node-darwin-arm64/-/node-darwin-arm64-0.1.0-beta.11.tgz",
      "integrity": "sha512-2lqeXXPvzkdU5cYM28zksYa24qmwBDsGm4prm58Mu2pBzRf02F8z94rU/nNPyL+VBGFIs4S5aPhHYhmB9nBxbw==",
      "cpu": [
        "arm64"
      ],
      "license": "MIT",
      "optional": true,
      "os": [
        "darwin"
      ],
      "engines": {
        "node": "20.x || 22.x || 24.x"
      }
    },
    "node_modules/@redact-secret/node-darwin-x64": {
      "version": "0.1.0-beta.11",
      "resolved": "https://registry.npmjs.org/@redact-secret/node-darwin-x64/-/node-darwin-x64-0.1.0-beta.11.tgz",
      "integrity": "sha512-HF7SPdQ+bJMM/bhc4rdemiLgGP38sXG5ai0tUT4/ScNAjsGpO6frRZfWziwtjOndUjru2BH8ts2BOQgtEqLgwQ==",
      "cpu": [
        "x64"
      ],
      "license": "MIT",
      "optional": true,
      "os": [
        "darwin"
      ],
      "engines": {
        "node": "20.x || 22.x || 24.x"
      }
    },
    "node_modules/@redact-secret/node-linux-arm64-gnu": {
      "version": "0.1.0-beta.11",
      "resolved": "https://registry.npmjs.org/@redact-secret/node-linux-arm64-gnu/-/node-linux-arm64-gnu-0.1.0-beta.11.tgz",
      "integrity": "sha512-puWtniCBbYifPnaxrE0FGPDJHmiCWssibjiz2lO132mZ8ho12F/2/LqaQ5Qt3Zh/7AwEg6njjDTPAQGUDJY8gw==",
      "cpu": [
        "arm64"
      ],
      "license": "MIT",
      "optional": true,
      "os": [
        "linux"
      ],
      "engines": {
        "node": "20.x || 22.x || 24.x"
      }
    },
    "node_modules/@redact-secret/node-linux-arm64-musl": {
      "version": "0.1.0-beta.11",
      "resolved": "https://registry.npmjs.org/@redact-secret/node-linux-arm64-musl/-/node-linux-arm64-musl-0.1.0-beta.11.tgz",
      "integrity": "sha512-xgOKd2AXjIgQlbYa1nN+lcEpCviVtlMv0E7iJtd+GZDsMrixe6irGLTPuxzW4gyL8SpV4DFHkLMUiJozFOZDRg==",
      "cpu": [
        "arm64"
      ],
      "license": "MIT",
      "optional": true,
      "os": [
        "linux"
      ],
      "engines": {
        "node": "20.x || 22.x || 24.x"
      }
    },
    "node_modules/@redact-secret/node-linux-x64-gnu": {
      "version": "0.1.0-beta.11",
      "resolved": "https://registry.npmjs.org/@redact-secret/node-linux-x64-gnu/-/node-linux-x64-gnu-0.1.0-beta.11.tgz",
      "integrity": "sha512-s/pcP71mpHmQTtpy7V3gkOgB1R2WVUyoS001VnL7m0Ykv1QEzSg2WlpdhdCGsfCJEzHWAnXylW5BF0UGfW9Urw==",
      "cpu": [
        "x64"
      ],
      "license": "MIT",
      "optional": true,
      "os": [
        "linux"
      ],
      "engines": {
        "node": "20.x || 22.x || 24.x"
      }
    },
    "node_modules/@redact-secret/node-linux-x64-musl": {
      "version": "0.1.0-beta.11",
      "resolved": "https://registry.npmjs.org/@redact-secret/node-linux-x64-musl/-/node-linux-x64-musl-0.1.0-beta.11.tgz",
      "integrity": "sha512-nFZOiJ7/Pj4dNxW/4mw1F7rSmKpX8we9sDPzXFlKIvJStAg3QZDALTrWmFYjg9nR1o04SdBy1T8fObV2md6thg==",
      "cpu": [
        "x64"
      ],
      "license": "MIT",
      "optional": true,
      "os": [
        "linux"
      ],
      "engines": {
        "node": "20.x || 22.x || 24.x"
      }
    },
    "node_modules/@redact-secret/node-win32-arm64-msvc": {
      "version": "0.1.0-beta.11",
      "resolved": "https://registry.npmjs.org/@redact-secret/node-win32-arm64-msvc/-/node-win32-arm64-msvc-0.1.0-beta.11.tgz",
      "integrity": "sha512-e3cywhCAxZut9ZPX3X2lITZm7rpiZ8ud2U9qsVLidRbGKfpAGr/x7kuEGMdX6Qfqolu4U5jk+Et9xG1QU/wLYg==",
      "cpu": [
        "arm64"
      ],
      "license": "MIT",
      "optional": true,
      "os": [
        "win32"
      ],
      "engines": {
        "node": "20.x || 22.x || 24.x"
      }
    },
    "node_modules/@redact-secret/node-win32-x64-msvc": {
      "version": "0.1.0-beta.11",
      "resolved": "https://registry.npmjs.org/@redact-secret/node-win32-x64-msvc/-/node-win32-x64-msvc-0.1.0-beta.11.tgz",
      "integrity": "sha512-YWhG5zMhKNvFqeYqvH+vbiqqT5GhpO32Nb51OT5K/xYIgpIgXFZWuesjxAXw2kL2lC6V96sHJhH58+MDEhb9lQ==",
      "cpu": [
        "x64"
      ],
      "license": "MIT",
      "optional": true,
      "os": [
        "win32"
      ],
      "engines": {
        "node": "20.x || 22.x || 24.x"
      }
    },
    "node_modules/@redact-secret/wasm": {
      "version": "0.1.0-beta.11",
      "resolved": "https://registry.npmjs.org/@redact-secret/wasm/-/wasm-0.1.0-beta.11.tgz",
      "integrity": "sha512-o0GFPPSI0AmGBKDnw20C+BJOIWp2lg+eNHELQoFmSUF/lnN+G94iAFQTib+aenMjKvV8CzApSEckGk9vvy6hIw==",
      "license": "MIT"
    }
  }
}
