{
  "name": "redact-secret-vault-python-wheel-smoke",
  "lockfileVersion": 3,
  "requires": true,
  "packages": {
    "": {
      "name": "redact-secret-vault-python-wheel-smoke",
      "dependencies": {
        "@redact-secret/core": "0.1.0-beta.13"
      }
    },
    "node_modules/@redact-secret/core": {
      "version": "0.1.0-beta.13",
      "resolved": "https://registry.npmjs.org/@redact-secret/core/-/core-0.1.0-beta.13.tgz",
      "integrity": "sha512-qZkqRN7CIJ+pc0IteRCXSucr1l9KtTc/nJaM5wPL0NvCiZ4AGWLCyrLy8KD95a2MBgxo8vuUJ/UaKhrny7gMJQ==",
      "license": "MIT",
      "dependencies": {
        "@redact-secret/wasm": "0.1.0-beta.13"
      },
      "engines": {
        "node": "20.x || 22.x || 24.x"
      },
      "optionalDependencies": {
        "@redact-secret/node-darwin-arm64": "0.1.0-beta.13",
        "@redact-secret/node-darwin-x64": "0.1.0-beta.13",
        "@redact-secret/node-linux-arm64-gnu": "0.1.0-beta.13",
        "@redact-secret/node-linux-arm64-musl": "0.1.0-beta.13",
        "@redact-secret/node-linux-x64-gnu": "0.1.0-beta.13",
        "@redact-secret/node-linux-x64-musl": "0.1.0-beta.13",
        "@redact-secret/node-win32-arm64-msvc": "0.1.0-beta.13",
        "@redact-secret/node-win32-x64-msvc": "0.1.0-beta.13"
      }
    },
    "node_modules/@redact-secret/node-darwin-arm64": {
      "version": "0.1.0-beta.13",
      "resolved": "https://registry.npmjs.org/@redact-secret/node-darwin-arm64/-/node-darwin-arm64-0.1.0-beta.13.tgz",
      "integrity": "sha512-W1R5oKVzX6liurnDrRMnh8DYzFEqn0vjPcbSQZYkIvZaUwFm9JEEvPF1TV4uTx8Xu+nw9uaW6B5GKCLls58dsg==",
      "cpu": [
        "arm64"
      ],
      "license": "MIT",
      "optional": true,
      "os": [
        "darwin"
      ],
      "engines": {
        "node": "20.x || 22.x || 24.x"
      }
    },
    "node_modules/@redact-secret/node-darwin-x64": {
      "version": "0.1.0-beta.13",
      "resolved": "https://registry.npmjs.org/@redact-secret/node-darwin-x64/-/node-darwin-x64-0.1.0-beta.13.tgz",
      "integrity": "sha512-Rx4yevnDtKmzOeLNBusHuWteUgjnv/et49VgSRTzstko1czjWbJzT0HS8oqXP3n02KWYYF2gJDD+Vy6fAfryfg==",
      "cpu": [
        "x64"
      ],
      "license": "MIT",
      "optional": true,
      "os": [
        "darwin"
      ],
      "engines": {
        "node": "20.x || 22.x || 24.x"
      }
    },
    "node_modules/@redact-secret/node-linux-arm64-gnu": {
      "version": "0.1.0-beta.13",
      "resolved": "https://registry.npmjs.org/@redact-secret/node-linux-arm64-gnu/-/node-linux-arm64-gnu-0.1.0-beta.13.tgz",
      "integrity": "sha512-7zD7nMn6ddbCGc4Vhung3twgWdLXg6FFiecoZbuNGTiXzgiOQoAlHwTDDWQniSm5XVCS2MkUWPZytJ7jbuH/oQ==",
      "cpu": [
        "arm64"
      ],
      "license": "MIT",
      "optional": true,
      "os": [
        "linux"
      ],
      "engines": {
        "node": "20.x || 22.x || 24.x"
      }
    },
    "node_modules/@redact-secret/node-linux-arm64-musl": {
      "version": "0.1.0-beta.13",
      "resolved": "https://registry.npmjs.org/@redact-secret/node-linux-arm64-musl/-/node-linux-arm64-musl-0.1.0-beta.13.tgz",
      "integrity": "sha512-oDBtKusroKnDrj4ZZNBtX7l9dyupbKXaq0bL3c5kQANJuuhYxzaD5facGhLKU32uWQArrfsV2EfBgXuGR7pSpQ==",
      "cpu": [
        "arm64"
      ],
      "license": "MIT",
      "optional": true,
      "os": [
        "linux"
      ],
      "engines": {
        "node": "20.x || 22.x || 24.x"
      }
    },
    "node_modules/@redact-secret/node-linux-x64-gnu": {
      "version": "0.1.0-beta.13",
      "resolved": "https://registry.npmjs.org/@redact-secret/node-linux-x64-gnu/-/node-linux-x64-gnu-0.1.0-beta.13.tgz",
      "integrity": "sha512-V72Ay6vqmGGLZ5JS0UJ5wi0F4gBmKjh7wJLl8lskx0RCH3635I9UyJkmawsYrlcPTOpgKaVhFYZufsMNqa4cgA==",
      "cpu": [
        "x64"
      ],
      "license": "MIT",
      "optional": true,
      "os": [
        "linux"
      ],
      "engines": {
        "node": "20.x || 22.x || 24.x"
      }
    },
    "node_modules/@redact-secret/node-linux-x64-musl": {
      "version": "0.1.0-beta.13",
      "resolved": "https://registry.npmjs.org/@redact-secret/node-linux-x64-musl/-/node-linux-x64-musl-0.1.0-beta.13.tgz",
      "integrity": "sha512-6+vldy/+uPPMNfDDo2sizg1JH2QhJ+5hj3Sc7pJo+ZhDDaUmoC+UsewemxLZUImuNI4oOy5+IFBsmQZK78ztAA==",
      "cpu": [
        "x64"
      ],
      "license": "MIT",
      "optional": true,
      "os": [
        "linux"
      ],
      "engines": {
        "node": "20.x || 22.x || 24.x"
      }
    },
    "node_modules/@redact-secret/node-win32-arm64-msvc": {
      "version": "0.1.0-beta.13",
      "resolved": "https://registry.npmjs.org/@redact-secret/node-win32-arm64-msvc/-/node-win32-arm64-msvc-0.1.0-beta.13.tgz",
      "integrity": "sha512-yVeZEnP3eITXyagQ08at36ZESIGjGy/zHCZL2pkBiwC/e7GF4fyHAt/j2hfFT/dkFjXeQuZzQPhW+01kKeQLmQ==",
      "cpu": [
        "arm64"
      ],
      "license": "MIT",
      "optional": true,
      "os": [
        "win32"
      ],
      "engines": {
        "node": "20.x || 22.x || 24.x"
      }
    },
    "node_modules/@redact-secret/node-win32-x64-msvc": {
      "version": "0.1.0-beta.13",
      "resolved": "https://registry.npmjs.org/@redact-secret/node-win32-x64-msvc/-/node-win32-x64-msvc-0.1.0-beta.13.tgz",
      "integrity": "sha512-KpwzignFem2YD70jbvo4KvDG33E9lMPJLEKnHaWFMkwRM+DmXoQQVZEUUKa1SxCVCuWBmKslJ3wq7mnIm3qQsg==",
      "cpu": [
        "x64"
      ],
      "license": "MIT",
      "optional": true,
      "os": [
        "win32"
      ],
      "engines": {
        "node": "20.x || 22.x || 24.x"
      }
    },
    "node_modules/@redact-secret/wasm": {
      "version": "0.1.0-beta.13",
      "resolved": "https://registry.npmjs.org/@redact-secret/wasm/-/wasm-0.1.0-beta.13.tgz",
      "integrity": "sha512-mTf82nZ6/2ObrqX1lOvqpSlpp6Y1R/jGJU/LTUGGSPzY5lgrZmH6g6V5Rjl8IsjKFNm/nQsVWyQq00WG5Rmo0g==",
      "license": "MIT"
    }
  }
}
