{
  "name": "redact-secret-vault-python-wheel-smoke",
  "lockfileVersion": 3,
  "requires": true,
  "packages": {
    "": {
      "name": "redact-secret-vault-python-wheel-smoke",
      "dependencies": {
        "@redact-secret/core": "0.1.0-beta.12"
      }
    },
    "node_modules/@redact-secret/core": {
      "version": "0.1.0-beta.12",
      "resolved": "https://registry.npmjs.org/@redact-secret/core/-/core-0.1.0-beta.12.tgz",
      "integrity": "sha512-fDVwt2U7VFSKb/0ixSuU5e+TOGVaUnyR1sIYwgS4S6gMndFnaq0M7ikaqac8wnTMYfYO/LS12JayXXeKbhE4aw==",
      "license": "MIT",
      "dependencies": {
        "@redact-secret/wasm": "0.1.0-beta.12"
      },
      "engines": {
        "node": "20.x || 22.x || 24.x"
      },
      "optionalDependencies": {
        "@redact-secret/node-darwin-arm64": "0.1.0-beta.12",
        "@redact-secret/node-darwin-x64": "0.1.0-beta.12",
        "@redact-secret/node-linux-arm64-gnu": "0.1.0-beta.12",
        "@redact-secret/node-linux-arm64-musl": "0.1.0-beta.12",
        "@redact-secret/node-linux-x64-gnu": "0.1.0-beta.12",
        "@redact-secret/node-linux-x64-musl": "0.1.0-beta.12",
        "@redact-secret/node-win32-arm64-msvc": "0.1.0-beta.12",
        "@redact-secret/node-win32-x64-msvc": "0.1.0-beta.12"
      }
    },
    "node_modules/@redact-secret/node-darwin-arm64": {
      "version": "0.1.0-beta.12",
      "resolved": "https://registry.npmjs.org/@redact-secret/node-darwin-arm64/-/node-darwin-arm64-0.1.0-beta.12.tgz",
      "integrity": "sha512-xAA09sFA0bX1+4Ab7fT8Irgf3eLL0+SWB0hvVZ61xuR5WOGhKxpSFOgU1Gteyp/EmvX2RksqYEySijXYiRd+PA==",
      "cpu": [
        "arm64"
      ],
      "license": "MIT",
      "optional": true,
      "os": [
        "darwin"
      ],
      "engines": {
        "node": "20.x || 22.x || 24.x"
      }
    },
    "node_modules/@redact-secret/node-darwin-x64": {
      "version": "0.1.0-beta.12",
      "resolved": "https://registry.npmjs.org/@redact-secret/node-darwin-x64/-/node-darwin-x64-0.1.0-beta.12.tgz",
      "integrity": "sha512-0R4AsXsXg5HDrYWCPC1dwIeNj+21oF2FN0K3QawStTieEVPKt1gu/dYpgl9zmYAfddgzGUeEaPyOS3KenIrF7A==",
      "cpu": [
        "x64"
      ],
      "license": "MIT",
      "optional": true,
      "os": [
        "darwin"
      ],
      "engines": {
        "node": "20.x || 22.x || 24.x"
      }
    },
    "node_modules/@redact-secret/node-linux-arm64-gnu": {
      "version": "0.1.0-beta.12",
      "resolved": "https://registry.npmjs.org/@redact-secret/node-linux-arm64-gnu/-/node-linux-arm64-gnu-0.1.0-beta.12.tgz",
      "integrity": "sha512-ONmz+lCrQhZo63+o0ny7Cpm+e5RoQnOuDa15djEor7jLFMytHBP7Zwf77kY8m6S8r9/MuglYtrXY7uvcqAl6Xg==",
      "cpu": [
        "arm64"
      ],
      "license": "MIT",
      "optional": true,
      "os": [
        "linux"
      ],
      "engines": {
        "node": "20.x || 22.x || 24.x"
      }
    },
    "node_modules/@redact-secret/node-linux-arm64-musl": {
      "version": "0.1.0-beta.12",
      "resolved": "https://registry.npmjs.org/@redact-secret/node-linux-arm64-musl/-/node-linux-arm64-musl-0.1.0-beta.12.tgz",
      "integrity": "sha512-AesR9/xWVYDFKnyhF+Z76oN06z6u+CXxaGCwh6u0ViIgMTlxdEdy7H7/IHhXzybu/+QMjO5+KK9gAXAGdV6yUQ==",
      "cpu": [
        "arm64"
      ],
      "license": "MIT",
      "optional": true,
      "os": [
        "linux"
      ],
      "engines": {
        "node": "20.x || 22.x || 24.x"
      }
    },
    "node_modules/@redact-secret/node-linux-x64-gnu": {
      "version": "0.1.0-beta.12",
      "resolved": "https://registry.npmjs.org/@redact-secret/node-linux-x64-gnu/-/node-linux-x64-gnu-0.1.0-beta.12.tgz",
      "integrity": "sha512-uf66fX2ngvXO9itiettZjrMvUKHbTa9zGRX4ZB9JfGsY+m1EWm2sWqtwtff07P/ajaF3Ioe0Vt6ktJz/I69b3w==",
      "cpu": [
        "x64"
      ],
      "license": "MIT",
      "optional": true,
      "os": [
        "linux"
      ],
      "engines": {
        "node": "20.x || 22.x || 24.x"
      }
    },
    "node_modules/@redact-secret/node-linux-x64-musl": {
      "version": "0.1.0-beta.12",
      "resolved": "https://registry.npmjs.org/@redact-secret/node-linux-x64-musl/-/node-linux-x64-musl-0.1.0-beta.12.tgz",
      "integrity": "sha512-TbMkRyyHYpVN5kL8IkiF0mpZe+KBo7TG52WwMOHK5TwFBKccNRuaFjGu8WkyMZt9HAoLsEato98OLuXCZrLDbA==",
      "cpu": [
        "x64"
      ],
      "license": "MIT",
      "optional": true,
      "os": [
        "linux"
      ],
      "engines": {
        "node": "20.x || 22.x || 24.x"
      }
    },
    "node_modules/@redact-secret/node-win32-arm64-msvc": {
      "version": "0.1.0-beta.12",
      "resolved": "https://registry.npmjs.org/@redact-secret/node-win32-arm64-msvc/-/node-win32-arm64-msvc-0.1.0-beta.12.tgz",
      "integrity": "sha512-oH2E5owPI9vyMGdnqbKLywAiD/lC5ZKdociHXqbKMRqplTKcULd7op9p8na3ZSLLXbMO9/yntahFM8A51gfu9A==",
      "cpu": [
        "arm64"
      ],
      "license": "MIT",
      "optional": true,
      "os": [
        "win32"
      ],
      "engines": {
        "node": "20.x || 22.x || 24.x"
      }
    },
    "node_modules/@redact-secret/node-win32-x64-msvc": {
      "version": "0.1.0-beta.12",
      "resolved": "https://registry.npmjs.org/@redact-secret/node-win32-x64-msvc/-/node-win32-x64-msvc-0.1.0-beta.12.tgz",
      "integrity": "sha512-fqa29XtVahqQbakik+/Y57GKe91witJHiPPk8+3m5usytrz+AP6v+AWny80X5Pssj5HzBzFuMHXiSKAWevKlTA==",
      "cpu": [
        "x64"
      ],
      "license": "MIT",
      "optional": true,
      "os": [
        "win32"
      ],
      "engines": {
        "node": "20.x || 22.x || 24.x"
      }
    },
    "node_modules/@redact-secret/wasm": {
      "version": "0.1.0-beta.12",
      "resolved": "https://registry.npmjs.org/@redact-secret/wasm/-/wasm-0.1.0-beta.12.tgz",
      "integrity": "sha512-i9XV+P0j92z+00jujDe9MQdnniYGirSf3VJkqWe9iUwcn8T4e0++euDqxthIWXRQykIYPoHduM7AVyeUwo6iKg==",
      "license": "MIT"
    }
  }
}
